
Microsoft Visual Studio Solution File, Format Version 11.00
# Visual Studio 2010
Project("{FAE04EC0-301F-11D3-BF4B-00C04F79EFBC}") = "Assembly-CSharp", "Assembly-CSharp.csproj", "{0FAF96D5-39A6-A53C-9717-8E35CC3DA6ED}"
EndProject
Project("{FAE04EC0-301F-11D3-BF4B-00C04F79EFBC}") = "Assembly-CSharp-Editor", "Assembly-CSharp-Editor.csproj", "{78147C83-05C7-329A-2A4B-84262CE74C68}"
EndProject
Global
	GlobalSection(SolutionConfigurationPlatforms) = preSolution
		Debug|Any CPU = Debug|Any CPU
		Release|Any CPU = Release|Any CPU
	EndGlobalSection
	GlobalSection(ProjectConfigurationPlatforms) = postSolution
		{0FAF96D5-39A6-A53C-9717-8E35CC3DA6ED}.Debug|Any CPU.ActiveCfg = Debug|Any CPU
		{0FAF96D5-39A6-A53C-9717-8E35CC3DA6ED}.Debug|Any CPU.Build.0 = Debug|Any CPU
		{0FAF96D5-39A6-A53C-9717-8E35CC3DA6ED}.Release|Any CPU.ActiveCfg = Release|Any CPU
		{0FAF96D5-39A6-A53C-9717-8E35CC3DA6ED}.Release|Any CPU.Build.0 = Release|Any CPU
		{78147C83-05C7-329A-2A4B-84262CE74C68}.Debug|Any CPU.ActiveCfg = Debug|Any CPU
		{78147C83-05C7-329A-2A4B-84262CE74C68}.Debug|Any CPU.Build.0 = Debug|Any CPU
		{78147C83-05C7-329A-2A4B-84262CE74C68}.Release|Any CPU.ActiveCfg = Release|Any CPU
		{78147C83-05C7-329A-2A4B-84262CE74C68}.Release|Any CPU.Build.0 = Release|Any CPU
	EndGlobalSection
	GlobalSection(SolutionProperties) = preSolution
		HideSolutionNode = FALSE
	EndGlobalSection
	GlobalSection(MonoDevelopProperties) = preSolution
		StartupItem = Assembly-CSharp.csproj
	EndGlobalSection
EndGlobal
